github.com/fengdotdev/golibs-helperfuncs v0.0.3 h1:K1PeZxCAIk8xnBtxJl44m7fxQr/3uOAXUZGr5AIvZxE=
github.com/fengdotdev/golibs-helperfuncs v0.0.3/go.mod h1:NFJ1XB0Ni2sKJN615GSRnygkE9PWHoEbEiEvIAuLaV0=
github.com/fengdotdev/golibs-testing v0.0.4 h1:xTBMxT4NlQDs+O3zv0styOEuTkvlfQ9Ew1yInsdGlE8=
github.com/fengdotdev/golibs-testing v0.0.4/go.mod h1:tNJmVem0VTk/bkRvMyf7/QRrnWTe/CAnkPsb4dFimwY=
